
Microsoft Visual Studio Solution File, Format Version 12.00
# Visual Studio Version 17
VisualStudioVersion = 17.4.33110.190
MinimumVisualStudioVersion = 10.0.40219.1
Project("{FAE04EC0-301F-11D3-BF4B-00C04F79EFBC}") = "HW18", "HW18\HW18.csproj", "{10365825-FA36-41B1-BD54-5331769BA12F}"
EndProject
Project("{FAE04EC0-301F-11D3-BF4B-00C04F79EFBC}") = "MyLibrary", "MyLibrary\MyLibrary.csproj", "{F1FF0635-3683-4910-BD2A-F9441B4B3334}"
EndProject
Global
	GlobalSection(SolutionConfigurationPlatforms) = preSolution
		Debug|Any CPU = Debug|Any CPU
		Release|Any CPU = Release|Any CPU
	EndGlobalSection
	GlobalSection(ProjectConfigurationPlatforms) = postSolution
		{10365825-FA36-41B1-BD54-5331769BA12F}.Debug|Any CPU.ActiveCfg = Debug|Any CPU
		{10365825-FA36-41B1-BD54-5331769BA12F}.Debug|Any CPU.Build.0 = Debug|Any CPU
		{10365825-FA36-41B1-BD54-5331769BA12F}.Release|Any CPU.ActiveCfg = Release|Any CPU
		{10365825-FA36-41B1-BD54-5331769BA12F}.Release|Any CPU.Build.0 = Release|Any CPU
		{F1FF0635-3683-4910-BD2A-F9441B4B3334}.Debug|Any CPU.ActiveCfg = Debug|Any CPU
		{F1FF0635-3683-4910-BD2A-F9441B4B3334}.Debug|Any CPU.Build.0 = Debug|Any CPU
		{F1FF0635-3683-4910-BD2A-F9441B4B3334}.Release|Any CPU.ActiveCfg = Release|Any CPU
		{F1FF0635-3683-4910-BD2A-F9441B4B3334}.Release|Any CPU.Build.0 = Release|Any CPU
	EndGlobalSection
	GlobalSection(SolutionProperties) = preSolution
		HideSolutionNode = FALSE
	EndGlobalSection
	GlobalSection(ExtensibilityGlobals) = postSolution
		SolutionGuid = {505E5233-71D8-4A59-8098-904CA22D8B21}
	EndGlobalSection
EndGlobal
